
Microsoft Visual Studio Solution File, Format Version 12.00
# Visual Studio Version 17
VisualStudioVersion = 17.3.32901.215
MinimumVisualStudioVersion = 10.0.40219.1
Project("{9A19103F-16F7-4668-BE54-9A1E7A4F7556}") = "EasyWord_DSSR", "EasyWord_DSSR.csproj", "{4019FFD7-0CA9-4A64-B6D0-0872D1E8CBEC}"
EndProject
Project("{2150E333-8FDC-42A3-9474-1A3956D46DE8}") = "Solution Items", "Solution Items", "{84BDC7BD-31B4-4FB4-B207-6A2A3CC4F9D0}"
	ProjectSection(SolutionItems) = preProject
		.editorconfig = .editorconfig
	EndProjectSection
EndProject
Global
	GlobalSection(SolutionConfigurationPlatforms) = preSolution
		Debug|Any CPU = Debug|Any CPU
		Release|Any CPU = Release|Any CPU
	EndGlobalSection
	GlobalSection(ProjectConfigurationPlatforms) = postSolution
		{4019FFD7-0CA9-4A64-B6D0-0872D1E8CBEC}.Debug|Any CPU.ActiveCfg = Debug|Any CPU
		{4019FFD7-0CA9-4A64-B6D0-0872D1E8CBEC}.Debug|Any CPU.Build.0 = Debug|Any CPU
		{4019FFD7-0CA9-4A64-B6D0-0872D1E8CBEC}.Release|Any CPU.ActiveCfg = Release|Any CPU
		{4019FFD7-0CA9-4A64-B6D0-0872D1E8CBEC}.Release|Any CPU.Build.0 = Release|Any CPU
	EndGlobalSection
	GlobalSection(SolutionProperties) = preSolution
		HideSolutionNode = FALSE
	EndGlobalSection
	GlobalSection(ExtensibilityGlobals) = postSolution
		SolutionGuid = {53AF53CF-FCB1-49B2-8B4A-072B6A8D25A7}
	EndGlobalSection
EndGlobal
